{
    "name": "dept-threejs",
    "requires": true,
    "lockfileVersion": 1,
    "dependencies": {
        "dat.gui": {
            "version": "0.7.6",
            "resolved": "https://registry.npmjs.org/dat.gui/-/dat.gui-0.7.6.tgz",
            "integrity": "sha512-9Uqr4aQUvp9q5P2b4y6gK604HXafubOq578OmOS8mjrIkYrBP4EbQ9gz9YRXgyPh7aQi+b9H/jAG7EucmhYpSA=="
        },
        "gsap": {
            "version": "3.0.1",
            "resolved": "https://registry.npmjs.org/gsap/-/gsap-3.0.1.tgz",
            "integrity": "sha512-9nzEBF7Ss9Ogyw6oEOXZxxVYH8WNRA/nHmIp3DrPOTKmlLxX9MN2ovSoH9TApA+rucBgp9veCedujp5oSQRvZw=="
        },
        "three": {
            "version": "0.125.0",
            "resolved": "https://registry.npmjs.org/three/-/three-0.125.0.tgz",
            "integrity": "sha512-qL36qUGsPQ/Ofo/RZdXwHwM7A8wzUSAIyawtjIebJSPvounUQeneSqxI0aBY2iwKpseGy+RUtj3C5f/z4poyXw=="
        },
        "three-orbitcontrols": {
            "version": "2.110.1",
            "resolved": "https://registry.npmjs.org/three-orbitcontrols/-/three-orbitcontrols-2.110.1.tgz",
            "integrity": "sha512-z7Mg6dvg3a1IEdfeNuHRr29a+NMFnPzZ8jJ6VRMOKqgB3FUUj0Xzt+uiAWylgVpmoH33mJcFxzMTjqb3AJ5L/A=="
        }
    }
}
